hash: 36edfd4f7970a8e7c24186ace32bfcd9a048308e93ea6b30f88ade5d8f9cfc67
updated: 2019-06-26T01:44:15.070319+03:00
imports:
- name: github.com/alecthomas/template
  version: b867cc6ab45cece8143cfcc6fc9c77cf3f2c23c0
  subpackages:
  - parse
- name: github.com/alecthomas/units
  version: 6b4e7dc5e3143b85ea77909c72caf89416fc2915
- name: github.com/ddliu/go-httpclient
  version: 095b03c7bbcc67af3414611b53c2bc2e75529269
- name: github.com/dgrijalva/jwt-go
  version: 5e25c22bd5d6de03265bbe5462dcd162f85046f6
- name: github.com/labstack/echo
  version: 38772c686c76b501f94bd6cd5b77f5842e93b559
  subpackages:
  - middleware
- name: github.com/labstack/gommon
  version: d700b06ce5f78800a08e16a7288a4cca389a6e83
  subpackages:
  - bytes
  - color
  - log
  - random
- name: github.com/mattn/go-colorable
  version: 8029fb3788e5a4a9c00e415f586a6d033f5d38b3
- name: github.com/mattn/go-isatty
  version: 6ca4dbf54d38eea1a992b3c722a76a5d1c4cb25c
- name: github.com/reiver/go-oi
  version: 431c83978379297f04f85f6eb94f129f25ab741d
- name: github.com/reiver/go-telnet
  version: 9ff0b2ab096ebe42bf8e2ffd1366e7ed2223b04c
  subpackages:
  - telsh
- name: github.com/stretchr/testify
  version: ffdc059bfe9ce6a4e144ba849dbedead332c6053
  subpackages:
  - assert
- name: github.com/valyala/bytebufferpool
  version: cdfbe9377474227bb42120c1e22fd4433e7f69bf
- name: github.com/valyala/fasttemplate
  version: 8b5e4e491ab636663841c42ea3c5a9adebabaf36
- name: golang.org/x/crypto
  version: f99c8df09eb5bff426315721bfa5f16a99cad32c
  subpackages:
  - acme
  - acme/autocert
- name: golang.org/x/net
  version: 66f0418ca41253f8d1a024eb9754e9441a8e79b9
  subpackages:
  - idna
- name: golang.org/x/sys
  version: 2d6f6f883a06fc0d5f4b14a81e4c28705ea64c15
  subpackages:
  - unix
- name: gopkg.in/alecthomas/kingpin.v2
  version: 947dcec5ba9c011838740e680966fd7087a71d0d
testImports:
- name: github.com/davecgh/go-spew
  version: 6d212800a42e8ab5c146b8ace3490ee17e5225f9
  subpackages:
  - spew
- name: github.com/pmezard/go-difflib
  version: d8ed2627bdf02c080bf22230dbb337003b7aba2d
  subpackages:
  - difflib
